// !$*UTF8*$!
{
	archiveVersion = 1;
	classes = {
	};
	objectVersion = 55;
	objects = {

/* Begin PBXBuildFile section */
		15D12BDD2902A04200CEE41F /* AppDelegate.swift in Sources */ = {isa = PBXBuildFile; fileRef = 15D12BDC2902A04200CEE41F /* AppDelegate.swift */; };
		15D12BDF2902A04200CEE41F /* SceneDelegate.swift in Sources */ = {isa = PBXBuildFile; fileRef = 15D12BDE2902A04200CEE41F /* SceneDelegate.swift */; };
		15D12BE12902A04200CEE41F /* ViewController.swift in Sources */ = {isa = PBXBuildFile; fileRef = 15D12BE02902A04200CEE41F /* ViewController.swift */; };
		15D12BE62902A04500CEE41F /* Assets.xcassets in Resources */ = {isa = PBXBuildFile; fileRef = 15D12BE52902A04500CEE41F /* Assets.xcassets */; };
		15D12BE92902A04500CEE41F /* LaunchScreen.storyboard in Resources */ = {isa = PBXBuildFile; fileRef = 15D12BE72902A04500CEE41F /* LaunchScreen.storyboard */; };
		15D12BF12903050100CEE41F /* TotalBillView.swift in Sources */ = {isa = PBXBuildFile; fileRef = 15D12BF02903050100CEE41F /* TotalBillView.swift */; };
		15D12BF32908497500CEE41F /* PersonsView.swift in Sources */ = {isa = PBXBuildFile; fileRef = 15D12BF22908497500CEE41F /* PersonsView.swift */; };
		15D12C00290938CD00CEE41F /* TipsCollectionViewCell.swift in Sources */ = {isa = PBXBuildFile; fileRef = 15D12BFF290938CD00CEE41F /* TipsCollectionViewCell.swift */; };
		15D12C02290956C400CEE41F /* TipsView.swift in Sources */ = {isa = PBXBuildFile; fileRef = 15D12C01290956C400CEE41F /* TipsView.swift */; };
/* End PBXBuildFile section */

/* Begin PBXFileReference section */
		15D12BD92902A04200CEE41F /* Total Bill.app */ = {isa = PBXFileReference; explicitFileType = wrapper.application; includeInIndex = 0; path = "Total Bill.app"; sourceTree = BUILT_PRODUCTS_DIR; };
		15D12BDC2902A04200CEE41F /* AppDelegate.swift */ = {isa = PBXFileReference; lastKnownFileType = sourcecode.swift; path = AppDelegate.swift; sourceTree = "<group>"; };
		15D12BDE2902A04200CEE41F /* SceneDelegate.swift */ = {isa = PBXFileReference; lastKnownFileType = sourcecode.swift; path = SceneDelegate.swift; sourceTree = "<group>"; };
		15D12BE02902A04200CEE41F /* ViewController.swift */ = {isa = PBXFileReference; lastKnownFileType = sourcecode.swift; path = ViewController.swift; sourceTree = "<group>"; };
		15D12BE52902A04500CEE41F /* Assets.xcassets */ = {isa = PBXFileReference; lastKnownFileType = folder.assetcatalog; path = Assets.xcassets; sourceTree = "<group>"; };
		15D12BE82902A04500CEE41F /* Base */ = {isa = PBXFileReference; lastKnownFileType = file.storyboard; name = Base; path = Base.lproj/LaunchScreen.storyboard; sourceTree = "<group>"; };
		15D12BEA2902A04500CEE41F /* Info.plist */ = {isa = PBXFileReference; lastKnownFileType = text.plist.xml; path = Info.plist; sourceTree = "<group>"; };
		15D12BF02903050100CEE41F /* TotalBillView.swift */ = {isa = PBXFileReference; lastKnownFileType = sourcecode.swift; path = TotalBillView.swift; sourceTree = "<group>"; };
		15D12BF22908497500CEE41F /* PersonsView.swift */ = {isa = PBXFileReference; lastKnownFileType = sourcecode.swift; path = PersonsView.swift; sourceTree = "<group>"; };
		15D12BFF290938CD00CEE41F /* TipsCollectionViewCell.swift */ = {isa = PBXFileReference; lastKnownFileType = sourcecode.swift; path = TipsCollectionViewCell.swift; sourceTree = "<group>"; };
		15D12C01290956C400CEE41F /* TipsView.swift */ = {isa = PBXFileReference; lastKnownFileType = sourcecode.swift; path = TipsView.swift; sourceTree = "<group>"; };
/* End PBXFileReference section */

/* Begin PBXFrameworksBuildPhase section */
		15D12BD62902A04200CEE41F /* Frameworks */ = {
			isa = PBXFrameworksBuildPhase;
			buildActionMask = 2147483647;
			files = (
			);
			runOnlyForDeploymentPostprocessing = 0;
		};
/* End PBXFrameworksBuildPhase section */

/* Begin PBXGroup section */
		15D12BD02902A04200CEE41F = {
			isa = PBXGroup;
			children = (
				15D12BDB2902A04200CEE41F /* Total Bill */,
				15D12BDA2902A04200CEE41F /* Products */,
			);
			sourceTree = "<group>";
		};
		15D12BDA2902A04200CEE41F /* Products */ = {
			isa = PBXGroup;
			children = (
				15D12BD92902A04200CEE41F /* Total Bill.app */,
			);
			name = Products;
			sourceTree = "<group>";
		};
		15D12BDB2902A04200CEE41F /* Total Bill */ = {
			isa = PBXGroup;
			children = (
				15D12BF82909332600CEE41F /* Application */,
				15D12BF92909336600CEE41F /* Controllers */,
				15D12BFA2909339A00CEE41F /* Views */,
				15D12BE52902A04500CEE41F /* Assets.xcassets */,
				15D12BE72902A04500CEE41F /* LaunchScreen.storyboard */,
				15D12BEA2902A04500CEE41F /* Info.plist */,
			);
			path = "Total Bill";
			sourceTree = "<group>";
		};
		15D12BF82909332600CEE41F /* Application */ = {
			isa = PBXGroup;
			children = (
				15D12BDE2902A04200CEE41F /* SceneDelegate.swift */,
				15D12BDC2902A04200CEE41F /* AppDelegate.swift */,
			);
			path = Application;
			sourceTree = "<group>";
		};
		15D12BF92909336600CEE41F /* Controllers */ = {
			isa = PBXGroup;
			children = (
				15D12BE02902A04200CEE41F /* ViewController.swift */,
			);
			path = Controllers;
			sourceTree = "<group>";
		};
		15D12BFA2909339A00CEE41F /* Views */ = {
			isa = PBXGroup;
			children = (
				15D12BFB290933B700CEE41F /* Cells */,
				15D12BF02903050100CEE41F /* TotalBillView.swift */,
				15D12BF22908497500CEE41F /* PersonsView.swift */,
				15D12C01290956C400CEE41F /* TipsView.swift */,
			);
			path = Views;
			sourceTree = "<group>";
		};
		15D12BFB290933B700CEE41F /* Cells */ = {
			isa = PBXGroup;
			children = (
				15D12BFF290938CD00CEE41F /* TipsCollectionViewCell.swift */,
			);
			path = Cells;
			sourceTree = "<group>";
		};
/* End PBXGroup section */

/* Begin PBXNativeTarget section */
		15D12BD82902A04200CEE41F /* Total Bill */ = {
			isa = PBXNativeTarget;
			buildConfigurationList = 15D12BED2902A04500CEE41F /* Build configuration list for PBXNativeTarget "Total Bill" */;
			buildPhases = (
				15D12BD52902A04200CEE41F /* Sources */,
				15D12BD62902A04200CEE41F /* Frameworks */,
				15D12BD72902A04200CEE41F /* Resources */,
			);
			buildRules = (
			);
			dependencies = (
			);
			name = "Total Bill";
			productName = "Total Bill";
			productReference = 15D12BD92902A04200CEE41F /* Total Bill.app */;
			productType = "com.apple.product-type.application";
		};
/* End PBXNativeTarget section */

/* Begin PBXProject section */
		15D12BD12902A04200CEE41F /* Project object */ = {
			isa = PBXProject;
			attributes = {
				BuildIndependentTargetsInParallel = 1;
				LastSwiftUpdateCheck = 1340;
				LastUpgradeCheck = 1340;
				TargetAttributes = {
					15D12BD82902A04200CEE41F = {
						CreatedOnToolsVersion = 13.4.1;
					};
				};
			};
			buildConfigurationList = 15D12BD42902A04200CEE41F /* Build configuration list for PBXProject "Total Bill" */;
			compatibilityVersion = "Xcode 13.0";
			developmentRegion = en;
			hasScannedForEncodings = 0;
			knownRegions = (
				en,
				Base,
			);
			mainGroup = 15D12BD02902A04200CEE41F;
			productRefGroup = 15D12BDA2902A04200CEE41F /* Products */;
			projectDirPath = "";
			projectRoot = "";
			targets = (
				15D12BD82902A04200CEE41F /* Total Bill */,
			);
		};
/* End PBXProject section */

/* Begin PBXResourcesBuildPhase section */
		15D12BD72902A04200CEE41F /* Resources */ = {
			isa = PBXResourcesBuildPhase;
			buildActionMask = 2147483647;
			files = (
				15D12BE92902A04500CEE41F /* LaunchScreen.storyboard in Resources */,
				15D12BE62902A04500CEE41F /* Assets.xcassets in Resources */,
			);
			runOnlyForDeploymentPostprocessing = 0;
		};
/* End PBXResourcesBuildPhase section */

/* Begin PBXSourcesBuildPhase section */
		15D12BD52902A04200CEE41F /* Sources */ = {
			isa = PBXSourcesBuildPhase;
			buildActionMask = 2147483647;
			files = (
				15D12BF12903050100CEE41F /* TotalBillView.swift in Sources */,
				15D12BF32908497500CEE41F /* PersonsView.swift in Sources */,
				15D12BE12902A04200CEE41F /* ViewController.swift in Sources */,
				15D12BDD2902A04200CEE41F /* AppDelegate.swift in Sources */,
				15D12C02290956C400CEE41F /* TipsView.swift in Sources */,
				15D12C00290938CD00CEE41F /* TipsCollectionViewCell.swift in Sources */,
				15D12BDF2902A04200CEE41F /* SceneDelegate.swift in Sources */,
			);
			runOnlyForDeploymentPostprocessing = 0;
		};
/* End PBXSourcesBuildPhase section */

/* Begin PBXVariantGroup section */
		15D12BE72902A04500CEE41F /* LaunchScreen.storyboard */ = {
			isa = PBXVariantGroup;
			children = (
				15D12BE82902A04500CEE41F /* Base */,
			);
			name = LaunchScreen.storyboard;
			sourceTree = "<group>";
		};
/* End PBXVariantGroup section */

/* Begin XCBuildConfiguration section */
		15D12BEB2902A04500CEE41F /* Debug */ = {
			isa = XCBuildConfiguration;
			buildSettings = {
				ALWAYS_SEARCH_USER_PATHS = NO;
				CLANG_ANALYZER_NONNULL = YES;
				CLANG_ANALYZER_NUMBER_OBJECT_CONVERSION = YES_AGGRESSIVE;
				CLANG_CXX_LANGUAGE_STANDARD = "gnu++17";
				CLANG_ENABLE_MODULES = YES;
				CLANG_ENABLE_OBJC_ARC = YES;
				CLANG_ENABLE_OBJC_WEAK = YES;
				CLANG_WARN_BLOCK_CAPTURE_AUTORELEASING = YES;
				CLANG_WARN_BOOL_CONVERSION = YES;
				CLANG_WARN_COMMA = YES;
				CLANG_WARN_CONSTANT_CONVERSION = YES;
				CLANG_WARN_DEPRECATED_OBJC_IMPLEMENTATIONS = YES;
				CLANG_WARN_DIRECT_OBJC_ISA_USAGE = YES_ERROR;
				CLANG_WARN_DOCUMENTATION_COMMENTS = YES;
				CLANG_WARN_EMPTY_BODY = YES;
				CLANG_WARN_ENUM_CONVERSION = YES;
				CLANG_WARN_INFINITE_RECURSION = YES;
				CLANG_WARN_INT_CONVERSION = YES;
				CLANG_WARN_NON_LITERAL_NULL_CONVERSION = YES;
				CLANG_WARN_OBJC_IMPLICIT_RETAIN_SELF = YES;
				CLANG_WARN_OBJC_LITERAL_CONVERSION = YES;
				CLANG_WARN_OBJC_ROOT_CLASS = YES_ERROR;
				CLANG_WARN_QUOTED_INCLUDE_IN_FRAMEWORK_HEADER = YES;
				CLANG_WARN_RANGE_LOOP_ANALYSIS = YES;
				CLANG_WARN_STRICT_PROTOTYPES = YES;
				CLANG_WARN_SUSPICIOUS_MOVE = YES;
				CLANG_WARN_UNGUARDED_AVAILABILITY = YES_AGGRESSIVE;
				CLANG_WARN_UNREACHABLE_CODE = YES;
				CLANG_WARN__DUPLICATE_METHOD_MATCH = YES;
				COPY_PHASE_STRIP = NO;
				DEBUG_INFORMATION_FORMAT = dwarf;
				ENABLE_STRICT_OBJC_MSGSEND = YES;
				ENABLE_TESTABILITY = YES;
				GCC_C_LANGUAGE_STANDARD = gnu11;
				GCC_DYNAMIC_NO_PIC = NO;
				GCC_NO_COMMON_BLOCKS = YES;
				GCC_OPTIMIZATION_LEVEL = 0;
				GCC_PREPROCESSOR_DEFINITIONS = (
					"DEBUG=1",
					"$(inherited)",
				);
				GCC_WARN_64_TO_32_BIT_CONVERSION = YES;
				GCC_WARN_ABOUT_RETURN_TYPE = YES_ERROR;
				GCC_WARN_UNDECLARED_SELECTOR = YES;
				GCC_WARN_UNINITIALIZED_AUTOS = YES_AGGRESSIVE;
				GCC_WARN_UNUSED_FUNCTION = YES;
				GCC_WARN_UNUSED_VARIABLE = YES;
				IPHONEOS_DEPLOYMENT_TARGET = 15.5;
				MTL_ENABLE_DEBUG_INFO = INCLUDE_SOURCE;
				MTL_FAST_MATH = YES;
				ONLY_ACTIVE_ARCH = YES;
				SDKROOT = iphoneos;
				SWIFT_ACTIVE_COMPILATION_CONDITIONS = DEBUG;
				SWIFT_OPTIMIZATION_LEVEL = "-Onone";
			};
			name = Debug;
		};
		15D12BEC2902A04500CEE41F /* Release */ = {
			isa = XCBuildConfiguration;
			buildSettings = {
				ALWAYS_SEARCH_USER_PATHS = NO;
				CLANG_ANALYZER_NONNULL = YES;
				CLANG_ANALYZER_NUMBER_OBJECT_CONVERSION = YES_AGGRESSIVE;
				CLANG_CXX_LANGUAGE_STANDARD = "gnu++17";
				CLANG_ENABLE_MODULES = YES;
				CLANG_ENABLE_OBJC_ARC = YES;
				CLANG_ENABLE_OBJC_WEAK = YES;
				CLANG_WARN_BLOCK_CAPTURE_AUTORELEASING = YES;
				CLANG_WARN_BOOL_CONVERSION = YES;
				CLANG_WARN_COMMA = YES;
				CLANG_WARN_CONSTANT_CONVERSION = YES;
				CLANG_WARN_DEPRECATED_OBJC_IMPLEMENTATIONS = YES;
				CLANG_WARN_DIRECT_OBJC_ISA_USAGE = YES_ERROR;
				CLANG_WARN_DOCUMENTATION_COMMENTS = YES;
				CLANG_WARN_EMPTY_BODY = YES;
				CLANG_WARN_ENUM_CONVERSION = YES;
				CLANG_WARN_INFINITE_RECURSION = YES;
				CLANG_WARN_INT_CONVERSION = YES;
				CLANG_WARN_NON_LITERAL_NULL_CONVERSION = YES;
				CLANG_WARN_OBJC_IMPLICIT_RETAIN_SELF = YES;
				CLANG_WARN_OBJC_LITERAL_CONVERSION = YES;
				CLANG_WARN_OBJC_ROOT_CLASS = YES_ERROR;
				CLANG_WARN_QUOTED_INCLUDE_IN_FRAMEWORK_HEADER = YES;
				CLANG_WARN_RANGE_LOOP_ANALYSIS = YES;
				CLANG_WARN_STRICT_PROTOTYPES = YES;
				CLANG_WARN_SUSPICIOUS_MOVE = YES;
				CLANG_WARN_UNGUARDED_AVAILABILITY = YES_AGGRESSIVE;
				CLANG_WARN_UNREACHABLE_CODE = YES;
				CLANG_WARN__DUPLICATE_METHOD_MATCH = YES;
				COPY_PHASE_STRIP = NO;
				DEBUG_INFORMATION_FORMAT = "dwarf-with-dsym";
				ENABLE_NS_ASSERTIONS = NO;
				ENABLE_STRICT_OBJC_MSGSEND = YES;
				GCC_C_LANGUAGE_STANDARD = gnu11;
				GCC_NO_COMMON_BLOCKS = YES;
				GCC_WARN_64_TO_32_BIT_CONVERSION = YES;
				GCC_WARN_ABOUT_RETURN_TYPE = YES_ERROR;
				GCC_WARN_UNDECLARED_SELECTOR = YES;
				GCC_WARN_UNINITIALIZED_AUTOS = YES_AGGRESSIVE;
				GCC_WARN_UNUSED_FUNCTION = YES;
				GCC_WARN_UNUSED_VARIABLE = YES;
				IPHONEOS_DEPLOYMENT_TARGET = 15.5;
				MTL_ENABLE_DEBUG_INFO = NO;
				MTL_FAST_MATH = YES;
				SDKROOT = iphoneos;
				SWIFT_COMPILATION_MODE = wholemodule;
				SWIFT_OPTIMIZATION_LEVEL = "-O";
				VALIDATE_PRODUCT = YES;
			};
			name = Release;
		};
		15D12BEE2902A04500CEE41F /* Debug */ = {
			isa = XCBuildConfiguration;
			buildSettings = {
				ASSETCATALOG_COMPILER_APPICON_NAME = AppIcon;
				ASSETCATALOG_COMPILER_GLOBAL_ACCENT_COLOR_NAME = AccentColor;
				CODE_SIGN_STYLE = Automatic;
				CURRENT_PROJECT_VERSION = 1;
				DEVELOPMENT_TEAM = LS4AV8STUJ;
				GENERATE_INFOPLIST_FILE = YES;
				INFOPLIST_FILE = "Total Bill/Info.plist";
				INFOPLIST_KEY_UIApplicationSupportsIndirectInputEvents = YES;
				INFOPLIST_KEY_UILaunchStoryboardName = LaunchScreen;
				INFOPLIST_KEY_UISupportedInterfaceOrientations = UIInterfaceOrientationPortrait;
				INFOPLIST_KEY_UISupportedInterfaceOrientations_iPad = "UIInterfaceOrientationPortrait UIInterfaceOrientationPortraitUpsideDown UIInterfaceOrientationLandscapeLeft UIInterfaceOrientationLandscapeRight";
				INFOPLIST_KEY_UISupportedInterfaceOrientations_iPhone = "UIInterfaceOrientationPortrait UIInterfaceOrientationLandscapeLeft UIInterfaceOrientationLandscapeRight";
				LD_RUNPATH_SEARCH_PATHS = (
					"$(inherited)",
					"@executable_path/Frameworks",
				);
				MARKETING_VERSION = 1.0;
				PRODUCT_BUNDLE_IDENTIFIER = "---------------.Total-Bill";
				PRODUCT_NAME = "$(TARGET_NAME)";
				SWIFT_EMIT_LOC_STRINGS = YES;
				SWIFT_VERSION = 5.0;
				TARGETED_DEVICE_FAMILY = 1;
			};
			name = Debug;
		};
		15D12BEF2902A04500CEE41F /* Release */ = {
			isa = XCBuildConfiguration;
			buildSettings = {
				ASSETCATALOG_COMPILER_APPICON_NAME = AppIcon;
				ASSETCATALOG_COMPILER_GLOBAL_ACCENT_COLOR_NAME = AccentColor;
				CODE_SIGN_STYLE = Automatic;
				CURRENT_PROJECT_VERSION = 1;
				DEVELOPMENT_TEAM = LS4AV8STUJ;
				GENERATE_INFOPLIST_FILE = YES;
				INFOPLIST_FILE = "Total Bill/Info.plist";
				INFOPLIST_KEY_UIApplicationSupportsIndirectInputEvents = YES;
				INFOPLIST_KEY_UILaunchStoryboardName = LaunchScreen;
				INFOPLIST_KEY_UISupportedInterfaceOrientations = UIInterfaceOrientationPortrait;
				INFOPLIST_KEY_UISupportedInterfaceOrientations_iPad = "UIInterfaceOrientationPortrait UIInterfaceOrientationPortraitUpsideDown UIInterfaceOrientationLandscapeLeft UIInterfaceOrientationLandscapeRight";
				INFOPLIST_KEY_UISupportedInterfaceOrientations_iPhone = "UIInterfaceOrientationPortrait UIInterfaceOrientationLandscapeLeft UIInterfaceOrientationLandscapeRight";
				LD_RUNPATH_SEARCH_PATHS = (
					"$(inherited)",
					"@executable_path/Frameworks",
				);
				MARKETING_VERSION = 1.0;
				PRODUCT_BUNDLE_IDENTIFIER = "---------------.Total-Bill";
				PRODUCT_NAME = "$(TARGET_NAME)";
				SWIFT_EMIT_LOC_STRINGS = YES;
				SWIFT_VERSION = 5.0;
				TARGETED_DEVICE_FAMILY = 1;
			};
			name = Release;
		};
/* End XCBuildConfiguration section */

/* Begin XCConfigurationList section */
		15D12BD42902A04200CEE41F /* Build configuration list for PBXProject "Total Bill" */ = {
			isa = XCConfigurationList;
			buildConfigurations = (
				15D12BEB2902A04500CEE41F /* Debug */,
				15D12BEC2902A04500CEE41F /* Release */,
			);
			defaultConfigurationIsVisible = 0;
			defaultConfigurationName = Release;
		};
		15D12BED2902A04500CEE41F /* Build configuration list for PBXNativeTarget "Total Bill" */ = {
			isa = XCConfigurationList;
			buildConfigurations = (
				15D12BEE2902A04500CEE41F /* Debug */,
				15D12BEF2902A04500CEE41F /* Release */,
			);
			defaultConfigurationIsVisible = 0;
			defaultConfigurationName = Release;
		};
/* End XCConfigurationList section */
	};
	rootObject = 15D12BD12902A04200CEE41F /* Project object */;
}
